// !$*UTF8*$!
{
	archiveVersion = 1;
	classes = {
	};
	objectVersion = 46;
	objects = {

/* Begin PBXBuildFile section */
		0812F9851DC8174D00684513 /* instaPost.swift in Sources */ = {isa = PBXBuildFile; fileRef = 0812F9841DC8174D00684513 /* instaPost.swift */; };
		08A820B11DC7F0DB0080C243 /* InstaViewController.swift in Sources */ = {isa = PBXBuildFile; fileRef = 08A820B01DC7F0DB0080C243 /* InstaViewController.swift */; };
		08A820B41DC7FA160080C243 /* HomeViewController.swift in Sources */ = {isa = PBXBuildFile; fileRef = 08A820B31DC7FA160080C243 /* HomeViewController.swift */; };
		08A820B61DC7FA220080C243 /* CaptureViewController.swift in Sources */ = {isa = PBXBuildFile; fileRef = 08A820B51DC7FA220080C243 /* CaptureViewController.swift */; };
		08A820B81DC7FA2A0080C243 /* ProfileViewController.swift in Sources */ = {isa = PBXBuildFile; fileRef = 08A820B71DC7FA2A0080C243 /* ProfileViewController.swift */; };
		08A820BA1DC7FAB90080C243 /* PostTableViewCell.swift in Sources */ = {isa = PBXBuildFile; fileRef = 08A820B91DC7FAB90080C243 /* PostTableViewCell.swift */; };
		08A820BC1DC811140080C243 /* PostCell.swift in Sources */ = {isa = PBXBuildFile; fileRef = 08A820BB1DC811140080C243 /* PostCell.swift */; };
		08C0507C1DBECD770032AD6A /* AppDelegate.swift in Sources */ = {isa = PBXBuildFile; fileRef = 08C0507B1DBECD770032AD6A /* AppDelegate.swift */; };
		08C0507E1DBECD770032AD6A /* ViewController.swift in Sources */ = {isa = PBXBuildFile; fileRef = 08C0507D1DBECD770032AD6A /* ViewController.swift */; };
		08C050811DBECD770032AD6A /* Main.storyboard in Resources */ = {isa = PBXBuildFile; fileRef = 08C0507F1DBECD770032AD6A /* Main.storyboard */; };
		08C050831DBECD770032AD6A /* Assets.xcassets in Resources */ = {isa = PBXBuildFile; fileRef = 08C050821DBECD770032AD6A /* Assets.xcassets */; };
		08C050861DBECD770032AD6A /* LaunchScreen.storyboard in Resources */ = {isa = PBXBuildFile; fileRef = 08C050841DBECD770032AD6A /* LaunchScreen.storyboard */; };
		08C050931DBED3760032AD6A /* LoginViewController.swift in Sources */ = {isa = PBXBuildFile; fileRef = 08C050921DBED3760032AD6A /* LoginViewController.swift */; };
		BF49763D201B2BA269B385DB /* Pods_Parsetagram.framework in Frameworks */ = {isa = PBXBuildFile; fileRef = AA2061C3DBBE89B864125E0C /* Pods_Parsetagram.framework */; };
/* End PBXBuildFile section */

/* Begin PBXFileReference section */
		0812F9841DC8174D00684513 /* instaPost.swift */ = {isa = PBXFileReference; fileEncoding = 4; lastKnownFileType = sourcecode.swift; path = instaPost.swift; sourceTree = "<group>"; };
		08A820B01DC7F0DB0080C243 /* InstaViewController.swift */ = {isa = PBXFileReference; fileEncoding = 4; lastKnownFileType = sourcecode.swift; path = InstaViewController.swift; sourceTree = "<group>"; };
		08A820B31DC7FA160080C243 /* HomeViewController.swift */ = {isa = PBXFileReference; fileEncoding = 4; lastKnownFileType = sourcecode.swift; path = HomeViewController.swift; sourceTree = "<group>"; };
		08A820B51DC7FA220080C243 /* CaptureViewController.swift */ = {isa = PBXFileReference; fileEncoding = 4; lastKnownFileType = sourcecode.swift; path = CaptureViewController.swift; sourceTree = "<group>"; };
		08A820B71DC7FA2A0080C243 /* ProfileViewController.swift */ = {isa = PBXFileReference; fileEncoding = 4; lastKnownFileType = sourcecode.swift; path = ProfileViewController.swift; sourceTree = "<group>"; };
		08A820B91DC7FAB90080C243 /* PostTableViewCell.swift */ = {isa = PBXFileReference; fileEncoding = 4; lastKnownFileType = sourcecode.swift; path = PostTableViewCell.swift; sourceTree = "<group>"; };
		08A820BB1DC811140080C243 /* PostCell.swift */ = {isa = PBXFileReference; fileEncoding = 4; lastKnownFileType = sourcecode.swift; path = PostCell.swift; sourceTree = "<group>"; };
		08C050781DBECD770032AD6A /* Parsetagram.app */ = {isa = PBXFileReference; explicitFileType = wrapper.application; includeInIndex = 0; path = Parsetagram.app; sourceTree = BUILT_PRODUCTS_DIR; };
		08C0507B1DBECD770032AD6A /* AppDelegate.swift */ = {isa = PBXFileReference; lastKnownFileType = sourcecode.swift; path = AppDelegate.swift; sourceTree = "<group>"; };
		08C0507D1DBECD770032AD6A /* ViewController.swift */ = {isa = PBXFileReference; lastKnownFileType = sourcecode.swift; path = ViewController.swift; sourceTree = "<group>"; };
		08C050801DBECD770032AD6A /* Base */ = {isa = PBXFileReference; lastKnownFileType = file.storyboard; name = Base; path = Base.lproj/Main.storyboard; sourceTree = "<group>"; };
		08C050821DBECD770032AD6A /* Assets.xcassets */ = {isa = PBXFileReference; lastKnownFileType = folder.assetcatalog; path = Assets.xcassets; sourceTree = "<group>"; };
		08C050851DBECD770032AD6A /* Base */ = {isa = PBXFileReference; lastKnownFileType = file.storyboard; name = Base; path = Base.lproj/LaunchScreen.storyboard; sourceTree = "<group>"; };
		08C050871DBECD770032AD6A /* Info.plist */ = {isa = PBXFileReference; lastKnownFileType = text.plist.xml; path = Info.plist; sourceTree = "<group>"; };
		08C050921DBED3760032AD6A /* LoginViewController.swift */ = {isa = PBXFileReference; fileEncoding = 4; lastKnownFileType = sourcecode.swift; path = LoginViewController.swift; sourceTree = "<group>"; };
		53FAFEB31225599673D8281D /* Pods-Parsetagram.release.xcconfig */ = {isa = PBXFileReference; includeInIndex = 1; lastKnownFileType = text.xcconfig; name = "Pods-Parsetagram.release.xcconfig"; path = "Pods/Target Support Files/Pods-Parsetagram/Pods-Parsetagram.release.xcconfig"; sourceTree = "<group>"; };
		AA2061C3DBBE89B864125E0C /* Pods_Parsetagram.framework */ = {isa = PBXFileReference; explicitFileType = wrapper.framework; includeInIndex = 0; path = Pods_Parsetagram.framework; sourceTree = BUILT_PRODUCTS_DIR; };
		DBEB76BEF534F15DCAA9EC5E /* Pods-Parsetagram.debug.xcconfig */ = {isa = PBXFileReference; includeInIndex = 1; lastKnownFileType = text.xcconfig; name = "Pods-Parsetagram.debug.xcconfig"; path = "Pods/Target Support Files/Pods-Parsetagram/Pods-Parsetagram.debug.xcconfig"; sourceTree = "<group>"; };
/* End PBXFileReference section */

/* Begin PBXFrameworksBuildPhase section */
		08C050751DBECD770032AD6A /* Frameworks */ = {
			isa = PBXFrameworksBuildPhase;
			buildActionMask = 2147483647;
			files = (
				BF49763D201B2BA269B385DB /* Pods_Parsetagram.framework in Frameworks */,
			);
			runOnlyForDeploymentPostprocessing = 0;
		};
/* End PBXFrameworksBuildPhase section */

/* Begin PBXGroup section */
		08A820B21DC7FA010080C243 /* View Controllers */ = {
			isa = PBXGroup;
			children = (
				08C050921DBED3760032AD6A /* LoginViewController.swift */,
				08A820B01DC7F0DB0080C243 /* InstaViewController.swift */,
				08A820B31DC7FA160080C243 /* HomeViewController.swift */,
				08A820B51DC7FA220080C243 /* CaptureViewController.swift */,
				08A820B71DC7FA2A0080C243 /* ProfileViewController.swift */,
				08A820B91DC7FAB90080C243 /* PostTableViewCell.swift */,
				08A820BB1DC811140080C243 /* PostCell.swift */,
			);
			name = "View Controllers";
			sourceTree = "<group>";
		};
		08C0506F1DBECD770032AD6A = {
			isa = PBXGroup;
			children = (
				08C0507A1DBECD770032AD6A /* Parsetagram */,
				08C050791DBECD770032AD6A /* Products */,
				7045520B04E4DFE6729C5345 /* Pods */,
				82DD13BD2CA7AAC059AAC7E6 /* Frameworks */,
			);
			sourceTree = "<group>";
		};
		08C050791DBECD770032AD6A /* Products */ = {
			isa = PBXGroup;
			children = (
				08C050781DBECD770032AD6A /* Parsetagram.app */,
			);
			name = Products;
			sourceTree = "<group>";
		};
		08C0507A1DBECD770032AD6A /* Parsetagram */ = {
			isa = PBXGroup;
			children = (
				08A820B21DC7FA010080C243 /* View Controllers */,
				08C0507B1DBECD770032AD6A /* AppDelegate.swift */,
				08C0507D1DBECD770032AD6A /* ViewController.swift */,
				08C0507F1DBECD770032AD6A /* Main.storyboard */,
				0812F9841DC8174D00684513 /* instaPost.swift */,
				08C050821DBECD770032AD6A /* Assets.xcassets */,
				08C050841DBECD770032AD6A /* LaunchScreen.storyboard */,
				08C050871DBECD770032AD6A /* Info.plist */,
			);
			path = Parsetagram;
			sourceTree = "<group>";
		};
		7045520B04E4DFE6729C5345 /* Pods */ = {
			isa = PBXGroup;
			children = (
				DBEB76BEF534F15DCAA9EC5E /* Pods-Parsetagram.debug.xcconfig */,
				53FAFEB31225599673D8281D /* Pods-Parsetagram.release.xcconfig */,
			);
			name = Pods;
			sourceTree = "<group>";
		};
		82DD13BD2CA7AAC059AAC7E6 /* Frameworks */ = {
			isa = PBXGroup;
			children = (
				AA2061C3DBBE89B864125E0C /* Pods_Parsetagram.framework */,
			);
			name = Frameworks;
			sourceTree = "<group>";
		};
/* End PBXGroup section */

/* Begin PBXNativeTarget section */
		08C050771DBECD770032AD6A /* Parsetagram */ = {
			isa = PBXNativeTarget;
			buildConfigurationList = 08C0508A1DBECD770032AD6A /* Build configuration list for PBXNativeTarget "Parsetagram" */;
			buildPhases = (
				27D3FDF1F600CE3B4A069B6D /* [CP] Check Pods Manifest.lock */,
				08C050741DBECD770032AD6A /* Sources */,
				08C050751DBECD770032AD6A /* Frameworks */,
				08C050761DBECD770032AD6A /* Resources */,
				E5055435950740271CB3CB18 /* [CP] Embed Pods Frameworks */,
				3657967062E3ACE729154FDD /* [CP] Copy Pods Resources */,
			);
			buildRules = (
			);
			dependencies = (
			);
			name = Parsetagram;
			productName = Parsetagram;
			productReference = 08C050781DBECD770032AD6A /* Parsetagram.app */;
			productType = "com.apple.product-type.application";
		};
/* End PBXNativeTarget section */

/* Begin PBXProject section */
		08C050701DBECD770032AD6A /* Project object */ = {
			isa = PBXProject;
			attributes = {
				LastSwiftUpdateCheck = 0800;
				LastUpgradeCheck = 0810;
				ORGANIZATIONNAME = "JonLuca De Caro";
				TargetAttributes = {
					08C050771DBECD770032AD6A = {
						CreatedOnToolsVersion = 8.0;
						DevelopmentTeam = XD92VBX7GT;
						LastSwiftMigration = 0800;
						ProvisioningStyle = Automatic;
					};
				};
			};
			buildConfigurationList = 08C050731DBECD770032AD6A /* Build configuration list for PBXProject "Parsetagram" */;
			compatibilityVersion = "Xcode 3.2";
			developmentRegion = English;
			hasScannedForEncodings = 0;
			knownRegions = (
				en,
				Base,
			);
			mainGroup = 08C0506F1DBECD770032AD6A;
			productRefGroup = 08C050791DBECD770032AD6A /* Products */;
			projectDirPath = "";
			projectRoot = "";
			targets = (
				08C050771DBECD770032AD6A /* Parsetagram */,
			);
		};
/* End PBXProject section */

/* Begin PBXResourcesBuildPhase section */
		08C050761DBECD770032AD6A /* Resources */ = {
			isa = PBXResourcesBuildPhase;
			buildActionMask = 2147483647;
			files = (
				08C050861DBECD770032AD6A /* LaunchScreen.storyboard in Resources */,
				08C050831DBECD770032AD6A /* Assets.xcassets in Resources */,
				08C050811DBECD770032AD6A /* Main.storyboard in Resources */,
			);
			runOnlyForDeploymentPostprocessing = 0;
		};
/* End PBXResourcesBuildPhase section */

/* Begin PBXShellScriptBuildPhase section */
		27D3FDF1F600CE3B4A069B6D /* [CP] Check Pods Manifest.lock */ = {
			isa = PBXShellScriptBuildPhase;
			buildActionMask = 2147483647;
			files = (
			);
			inputPaths = (
			);
			name = "[CP] Check Pods Manifest.lock";
			outputPaths = (
			);
			runOnlyForDeploymentPostprocessing = 0;
			shellPath = /bin/sh;
			shellScript = "diff \"${PODS_ROOT}/../Podfile.lock\" \"${PODS_ROOT}/Manifest.lock\" > /dev/null\nif [[ $? != 0 ]] ; then\n    cat << EOM\nerror: The sandbox is not in sync with the Podfile.lock. Run 'pod install' or update your CocoaPods installation.\nEOM\n    exit 1\nfi\n";
			showEnvVarsInLog = 0;
		};
		3657967062E3ACE729154FDD /* [CP] Copy Pods Resources */ = {
			isa = PBXShellScriptBuildPhase;
			buildActionMask = 2147483647;
			files = (
			);
			inputPaths = (
			);
			name = "[CP] Copy Pods Resources";
			outputPaths = (
			);
			runOnlyForDeploymentPostprocessing = 0;
			shellPath = /bin/sh;
			shellScript = "\"${SRCROOT}/Pods/Target Support Files/Pods-Parsetagram/Pods-Parsetagram-resources.sh\"\n";
			showEnvVarsInLog = 0;
		};
		E5055435950740271CB3CB18 /* [CP] Embed Pods Frameworks */ = {
			isa = PBXShellScriptBuildPhase;
			buildActionMask = 2147483647;
			files = (
			);
			inputPaths = (
			);
			name = "[CP] Embed Pods Frameworks";
			outputPaths = (
			);
			runOnlyForDeploymentPostprocessing = 0;
			shellPath = /bin/sh;
			shellScript = "\"${SRCROOT}/Pods/Target Support Files/Pods-Parsetagram/Pods-Parsetagram-frameworks.sh\"\n";
			showEnvVarsInLog = 0;
		};
/* End PBXShellScriptBuildPhase section */

/* Begin PBXSourcesBuildPhase section */
		08C050741DBECD770032AD6A /* Sources */ = {
			isa = PBXSourcesBuildPhase;
			buildActionMask = 2147483647;
			files = (
				08A820B41DC7FA160080C243 /* HomeViewController.swift in Sources */,
				08A820B61DC7FA220080C243 /* CaptureViewController.swift in Sources */,
				08C050931DBED3760032AD6A /* LoginViewController.swift in Sources */,
				08A820BA1DC7FAB90080C243 /* PostTableViewCell.swift in Sources */,
				08C0507E1DBECD770032AD6A /* ViewController.swift in Sources */,
				0812F9851DC8174D00684513 /* instaPost.swift in Sources */,
				08A820BC1DC811140080C243 /* PostCell.swift in Sources */,
				08A820B81DC7FA2A0080C243 /* ProfileViewController.swift in Sources */,
				08A820B11DC7F0DB0080C243 /* InstaViewController.swift in Sources */,
				08C0507C1DBECD770032AD6A /* AppDelegate.swift in Sources */,
			);
			runOnlyForDeploymentPostprocessing = 0;
		};
/* End PBXSourcesBuildPhase section */

/* Begin PBXVariantGroup section */
		08C0507F1DBECD770032AD6A /* Main.storyboard */ = {
			isa = PBXVariantGroup;
			children = (
				08C050801DBECD770032AD6A /* Base */,
			);
			name = Main.storyboard;
			sourceTree = "<group>";
		};
		08C050841DBECD770032AD6A /* LaunchScreen.storyboard */ = {
			isa = PBXVariantGroup;
			children = (
				08C050851DBECD770032AD6A /* Base */,
			);
			name = LaunchScreen.storyboard;
			sourceTree = "<group>";
		};
/* End PBXVariantGroup section */

/* Begin XCBuildConfiguration section */
		08C050881DBECD770032AD6A /* Debug */ = {
			isa = XCBuildConfiguration;
			buildSettings = {
				ALWAYS_SEARCH_USER_PATHS = NO;
				CLANG_ANALYZER_NONNULL = YES;
				CLANG_CXX_LANGUAGE_STANDARD = "gnu++0x";
				CLANG_CXX_LIBRARY = "libc++";
				CLANG_ENABLE_MODULES = YES;
				CLANG_ENABLE_OBJC_ARC = YES;
				CLANG_WARN_BOOL_CONVERSION = YES;
				CLANG_WARN_CONSTANT_CONVERSION = YES;
				CLANG_WARN_DIRECT_OBJC_ISA_USAGE = YES_ERROR;
				CLANG_WARN_DOCUMENTATION_COMMENTS = YES;
				CLANG_WARN_EMPTY_BODY = YES;
				CLANG_WARN_ENUM_CONVERSION = YES;
				CLANG_WARN_INFINITE_RECURSION = YES;
				CLANG_WARN_INT_CONVERSION = YES;
				CLANG_WARN_OBJC_ROOT_CLASS = YES_ERROR;
				CLANG_WARN_SUSPICIOUS_MOVE = YES;
				CLANG_WARN_SUSPICIOUS_MOVES = YES;
				CLANG_WARN_UNREACHABLE_CODE = YES;
				CLANG_WARN__DUPLICATE_METHOD_MATCH = YES;
				"CODE_SIGN_IDENTITY[sdk=iphoneos*]" = "iPhone Developer";
				COPY_PHASE_STRIP = NO;
				DEBUG_INFORMATION_FORMAT = dwarf;
				ENABLE_STRICT_OBJC_MSGSEND = YES;
				ENABLE_TESTABILITY = YES;
				GCC_C_LANGUAGE_STANDARD = gnu99;
				GCC_DYNAMIC_NO_PIC = NO;
				GCC_NO_COMMON_BLOCKS = YES;
				GCC_OPTIMIZATION_LEVEL = 0;
				GCC_PREPROCESSOR_DEFINITIONS = (
					"DEBUG=1",
					"$(inherited)",
				);
				GCC_WARN_64_TO_32_BIT_CONVERSION = YES;
				GCC_WARN_ABOUT_RETURN_TYPE = YES_ERROR;
				GCC_WARN_UNDECLARED_SELECTOR = YES;
				GCC_WARN_UNINITIALIZED_AUTOS = YES_AGGRESSIVE;
				GCC_WARN_UNUSED_FUNCTION = YES;
				GCC_WARN_UNUSED_VARIABLE = YES;
				IPHONEOS_DEPLOYMENT_TARGET = 10.0;
				MTL_ENABLE_DEBUG_INFO = YES;
				ONLY_ACTIVE_ARCH = YES;
				SDKROOT = iphoneos;
				SWIFT_ACTIVE_COMPILATION_CONDITIONS = DEBUG;
				SWIFT_OPTIMIZATION_LEVEL = "-Onone";
			};
			name = Debug;
		};
		08C050891DBECD770032AD6A /* Release */ = {
			isa = XCBuildConfiguration;
			buildSettings = {
				ALWAYS_SEARCH_USER_PATHS = NO;
				CLANG_ANALYZER_NONNULL = YES;
				CLANG_CXX_LANGUAGE_STANDARD = "gnu++0x";
				CLANG_CXX_LIBRARY = "libc++";
				CLANG_ENABLE_MODULES = YES;
				CLANG_ENABLE_OBJC_ARC = YES;
				CLANG_WARN_BOOL_CONVERSION = YES;
				CLANG_WARN_CONSTANT_CONVERSION = YES;
				CLANG_WARN_DIRECT_OBJC_ISA_USAGE = YES_ERROR;
				CLANG_WARN_DOCUMENTATION_COMMENTS = YES;
				CLANG_WARN_EMPTY_BODY = YES;
				CLANG_WARN_ENUM_CONVERSION = YES;
				CLANG_WARN_INFINITE_RECURSION = YES;
				CLANG_WARN_INT_CONVERSION = YES;
				CLANG_WARN_OBJC_ROOT_CLASS = YES_ERROR;
				CLANG_WARN_SUSPICIOUS_MOVE = YES;
				CLANG_WARN_SUSPICIOUS_MOVES = YES;
				CLANG_WARN_UNREACHABLE_CODE = YES;
				CLANG_WARN__DUPLICATE_METHOD_MATCH = YES;
				"CODE_SIGN_IDENTITY[sdk=iphoneos*]" = "iPhone Developer";
				COPY_PHASE_STRIP = NO;
				DEBUG_INFORMATION_FORMAT = "dwarf-with-dsym";
				ENABLE_NS_ASSERTIONS = NO;
				ENABLE_STRICT_OBJC_MSGSEND = YES;
				GCC_C_LANGUAGE_STANDARD = gnu99;
				GCC_NO_COMMON_BLOCKS = YES;
				GCC_WARN_64_TO_32_BIT_CONVERSION = YES;
				GCC_WARN_ABOUT_RETURN_TYPE = YES_ERROR;
				GCC_WARN_UNDECLARED_SELECTOR = YES;
				GCC_WARN_UNINITIALIZED_AUTOS = YES_AGGRESSIVE;
				GCC_WARN_UNUSED_FUNCTION = YES;
				GCC_WARN_UNUSED_VARIABLE = YES;
				IPHONEOS_DEPLOYMENT_TARGET = 10.0;
				MTL_ENABLE_DEBUG_INFO = NO;
				SDKROOT = iphoneos;
				SWIFT_OPTIMIZATION_LEVEL = "-Owholemodule";
				VALIDATE_PRODUCT = YES;
			};
			name = Release;
		};
		08C0508B1DBECD770032AD6A /* Debug */ = {
			isa = XCBuildConfiguration;
			baseConfigurationReference = DBEB76BEF534F15DCAA9EC5E /* Pods-Parsetagram.debug.xcconfig */;
			buildSettings = {
				ASSETCATALOG_COMPILER_APPICON_NAME = AppIcon;
				CLANG_ENABLE_MODULES = YES;
				DEVELOPMENT_TEAM = XD92VBX7GT;
				INFOPLIST_FILE = Parsetagram/Info.plist;
				LD_RUNPATH_SEARCH_PATHS = "$(inherited) @executable_path/Frameworks";
				PRODUCT_BUNDLE_IDENTIFIER = com.jonluca.Parsetagram;
				PRODUCT_NAME = "$(TARGET_NAME)";
				SWIFT_OPTIMIZATION_LEVEL = "-Onone";
				SWIFT_VERSION = 3.0;
			};
			name = Debug;
		};
		08C0508C1DBECD770032AD6A /* Release */ = {
			isa = XCBuildConfiguration;
			baseConfigurationReference = 53FAFEB31225599673D8281D /* Pods-Parsetagram.release.xcconfig */;
			buildSettings = {
				ASSETCATALOG_COMPILER_APPICON_NAME = AppIcon;
				CLANG_ENABLE_MODULES = YES;
				DEVELOPMENT_TEAM = XD92VBX7GT;
				INFOPLIST_FILE = Parsetagram/Info.plist;
				LD_RUNPATH_SEARCH_PATHS = "$(inherited) @executable_path/Frameworks";
				PRODUCT_BUNDLE_IDENTIFIER = com.jonluca.Parsetagram;
				PRODUCT_NAME = "$(TARGET_NAME)";
				SWIFT_VERSION = 3.0;
			};
			name = Release;
		};
/* End XCBuildConfiguration section */

/* Begin XCConfigurationList section */
		08C050731DBECD770032AD6A /* Build configuration list for PBXProject "Parsetagram" */ = {
			isa = XCConfigurationList;
			buildConfigurations = (
				08C050881DBECD770032AD6A /* Debug */,
				08C050891DBECD770032AD6A /* Release */,
			);
			defaultConfigurationIsVisible = 0;
			defaultConfigurationName = Release;
		};
		08C0508A1DBECD770032AD6A /* Build configuration list for PBXNativeTarget "Parsetagram" */ = {
			isa = XCConfigurationList;
			buildConfigurations = (
				08C0508B1DBECD770032AD6A /* Debug */,
				08C0508C1DBECD770032AD6A /* Release */,
			);
			defaultConfigurationIsVisible = 0;
			defaultConfigurationName = Release;
		};
/* End XCConfigurationList section */
	};
	rootObject = 08C050701DBECD770032AD6A /* Project object */;
}
